<?xml version="1.0" encoding="utf-8"?>
<Project ToolsVersion="4.0" xmlns="http://schemas.microsoft.com/developer/msbuild/2003">
  <ItemGroup>
    <Filter Include="Source Files">
      <UniqueIdentifier>{4FC737F1-C7A5-4376-A066-2A32D752A2FF}</UniqueIdentifier>
      <Extensions>cpp;c;cc;cxx;def;odl;idl;hpj;bat;asm;asmx</Extensions>
    </Filter>
    <Filter Include="Header Files">
      <UniqueIdentifier>{93995380-89BD-4b04-88EB-625FBE52EBFB}</UniqueIdentifier>
      <Extensions>h;hh;hpp;hxx;hm;inl;inc;ipp;xsd</Extensions>
    </Filter>
    <Filter Include="Resource Files">
      <UniqueIdentifier>{67DA6AB6-F800-4c08-8B7A-83BB121AAD01}</UniqueIdentifier>
      <Extensions>rc;ico;cur;bmp;dlg;rc2;rct;bin;rgs;gif;jpg;jpeg;jpe;resx;tiff;tif;png;wav;mfcribbon-ms</Extensions>
    </Filter>
  </ItemGroup>
  <ItemGroup>
    <ClCompile Include="src\Main.cpp">
      <Filter>Source Files</Filter>
    </ClCompile>
    <ClCompile Include="src\GameWindow.cpp">
      <Filter>Source Files</Filter>
    </ClCompile>
    <ClCompile Include="src\EventHandler.cpp">
      <Filter>Source Files</Filter>
    </ClCompile>
    <ClCompile Include="src\GameLoop.cpp">
      <Filter>Source Files</Filter>
    </ClCompile>
    <ClCompile Include="src\GameBoard.cpp">
      <Filter>Source Files</Filter>
    </ClCompile>
    <ClCompile Include="src\Mouse.cpp">
      <Filter>Source Files</Filter>
    </ClCompile>
    <ClCompile Include="src\Networking.cpp">
      <Filter>Source Files</Filter>
    </ClCompile>
  </ItemGroup>
  <ItemGroup>
    <ClInclude Include="inc\GameWindow.h">
      <Filter>Header Files</Filter>
    </ClInclude>
    <ClInclude Include="inc\EventHandler.h">
      <Filter>Header Files</Filter>
    </ClInclude>
    <ClInclude Include="inc\GameLoop.h">
      <Filter>Header Files</Filter>
    </ClInclude>
    <ClInclude Include="inc\GameBoard.h">
      <Filter>Header Files</Filter>
    </ClInclude>
    <ClInclude Include="inc\SFML\Audio\AlResource.hpp">
      <Filter>Header Files</Filter>
    </ClInclude>
    <ClInclude Include="inc\SFML\Audio\Export.hpp">
      <Filter>Header Files</Filter>
    </ClInclude>
    <ClInclude Include="inc\SFML\Audio\InputSoundFile.hpp">
      <Filter>Header Files</Filter>
    </ClInclude>
    <ClInclude Include="inc\SFML\Audio\Listener.hpp">
      <Filter>Header Files</Filter>
    </ClInclude>
    <ClInclude Include="inc\SFML\Audio\Music.hpp">
      <Filter>Header Files</Filter>
    </ClInclude>
    <ClInclude Include="inc\SFML\Audio\OutputSoundFile.hpp">
      <Filter>Header Files</Filter>
    </ClInclude>
    <ClInclude Include="inc\SFML\Audio\Sound.hpp">
      <Filter>Header Files</Filter>
    </ClInclude>
    <ClInclude Include="inc\SFML\Audio\SoundBuffer.hpp">
      <Filter>Header Files</Filter>
    </ClInclude>
    <ClInclude Include="inc\SFML\Audio\SoundBufferRecorder.hpp">
      <Filter>Header Files</Filter>
    </ClInclude>
    <ClInclude Include="inc\SFML\Audio\SoundFileFactory.hpp">
      <Filter>Header Files</Filter>
    </ClInclude>
    <ClInclude Include="inc\SFML\Audio\SoundFileReader.hpp">
      <Filter>Header Files</Filter>
    </ClInclude>
    <ClInclude Include="inc\SFML\Audio\SoundFileWriter.hpp">
      <Filter>Header Files</Filter>
    </ClInclude>
    <ClInclude Include="inc\SFML\Audio\SoundRecorder.hpp">
      <Filter>Header Files</Filter>
    </ClInclude>
    <ClInclude Include="inc\SFML\Audio\SoundSource.hpp">
      <Filter>Header Files</Filter>
    </ClInclude>
    <ClInclude Include="inc\SFML\Audio\SoundStream.hpp">
      <Filter>Header Files</Filter>
    </ClInclude>
    <ClInclude Include="inc\SFML\Graphics\BlendMode.hpp">
      <Filter>Header Files</Filter>
    </ClInclude>
    <ClInclude Include="inc\SFML\Graphics\CircleShape.hpp">
      <Filter>Header Files</Filter>
    </ClInclude>
    <ClInclude Include="inc\SFML\Graphics\Color.hpp">
      <Filter>Header Files</Filter>
    </ClInclude>
    <ClInclude Include="inc\SFML\Graphics\ConvexShape.hpp">
      <Filter>Header Files</Filter>
    </ClInclude>
    <ClInclude Include="inc\SFML\Graphics\Drawable.hpp">
      <Filter>Header Files</Filter>
    </ClInclude>
    <ClInclude Include="inc\SFML\Graphics\Export.hpp">
      <Filter>Header Files</Filter>
    </ClInclude>
    <ClInclude Include="inc\SFML\Graphics\Font.hpp">
      <Filter>Header Files</Filter>
    </ClInclude>
    <ClInclude Include="inc\SFML\Graphics\Glsl.hpp">
      <Filter>Header Files</Filter>
    </ClInclude>
    <ClInclude Include="inc\SFML\Graphics\Glyph.hpp">
      <Filter>Header Files</Filter>
    </ClInclude>
    <ClInclude Include="inc\SFML\Graphics\Image.hpp">
      <Filter>Header Files</Filter>
    </ClInclude>
    <ClInclude Include="inc\SFML\Graphics\PrimitiveType.hpp">
      <Filter>Header Files</Filter>
    </ClInclude>
    <ClInclude Include="inc\SFML\Graphics\Rect.hpp">
      <Filter>Header Files</Filter>
    </ClInclude>
    <ClInclude Include="inc\SFML\Graphics\RectangleShape.hpp">
      <Filter>Header Files</Filter>
    </ClInclude>
    <ClInclude Include="inc\SFML\Graphics\RenderStates.hpp">
      <Filter>Header Files</Filter>
    </ClInclude>
    <ClInclude Include="inc\SFML\Graphics\RenderTarget.hpp">
      <Filter>Header Files</Filter>
    </ClInclude>
    <ClInclude Include="inc\SFML\Graphics\RenderTexture.hpp">
      <Filter>Header Files</Filter>
    </ClInclude>
    <ClInclude Include="inc\SFML\Graphics\RenderWindow.hpp">
      <Filter>Header Files</Filter>
    </ClInclude>
    <ClInclude Include="inc\SFML\Graphics\Shader.hpp">
      <Filter>Header Files</Filter>
    </ClInclude>
    <ClInclude Include="inc\SFML\Graphics\Shape.hpp">
      <Filter>Header Files</Filter>
    </ClInclude>
    <ClInclude Include="inc\SFML\Graphics\Sprite.hpp">
      <Filter>Header Files</Filter>
    </ClInclude>
    <ClInclude Include="inc\SFML\Graphics\Text.hpp">
      <Filter>Header Files</Filter>
    </ClInclude>
    <ClInclude Include="inc\SFML\Graphics\Texture.hpp">
      <Filter>Header Files</Filter>
    </ClInclude>
    <ClInclude Include="inc\SFML\Graphics\Transform.hpp">
      <Filter>Header Files</Filter>
    </ClInclude>
    <ClInclude Include="inc\SFML\Graphics\Transformable.hpp">
      <Filter>Header Files</Filter>
    </ClInclude>
    <ClInclude Include="inc\SFML\Graphics\Vertex.hpp">
      <Filter>Header Files</Filter>
    </ClInclude>
    <ClInclude Include="inc\SFML\Graphics\VertexArray.hpp">
      <Filter>Header Files</Filter>
    </ClInclude>
    <ClInclude Include="inc\SFML\Graphics\VertexBuffer.hpp">
      <Filter>Header Files</Filter>
    </ClInclude>
    <ClInclude Include="inc\SFML\Graphics\View.hpp">
      <Filter>Header Files</Filter>
    </ClInclude>
    <ClInclude Include="inc\SFML\Network\Export.hpp">
      <Filter>Header Files</Filter>
    </ClInclude>
    <ClInclude Include="inc\SFML\Network\Ftp.hpp">
      <Filter>Header Files</Filter>
    </ClInclude>
    <ClInclude Include="inc\SFML\Network\Http.hpp">
      <Filter>Header Files</Filter>
    </ClInclude>
    <ClInclude Include="inc\SFML\Network\IpAddress.hpp">
      <Filter>Header Files</Filter>
    </ClInclude>
    <ClInclude Include="inc\SFML\Network\Packet.hpp">
      <Filter>Header Files</Filter>
    </ClInclude>
    <ClInclude Include="inc\SFML\Network\Socket.hpp">
      <Filter>Header Files</Filter>
    </ClInclude>
    <ClInclude Include="inc\SFML\Network\SocketHandle.hpp">
      <Filter>Header Files</Filter>
    </ClInclude>
    <ClInclude Include="inc\SFML\Network\SocketSelector.hpp">
      <Filter>Header Files</Filter>
    </ClInclude>
    <ClInclude Include="inc\SFML\Network\TcpListener.hpp">
      <Filter>Header Files</Filter>
    </ClInclude>
    <ClInclude Include="inc\SFML\Network\TcpSocket.hpp">
      <Filter>Header Files</Filter>
    </ClInclude>
    <ClInclude Include="inc\SFML\Network\UdpSocket.hpp">
      <Filter>Header Files</Filter>
    </ClInclude>
    <ClInclude Include="inc\SFML\System\Clock.hpp">
      <Filter>Header Files</Filter>
    </ClInclude>
    <ClInclude Include="inc\SFML\System\Err.hpp">
      <Filter>Header Files</Filter>
    </ClInclude>
    <ClInclude Include="inc\SFML\System\Export.hpp">
      <Filter>Header Files</Filter>
    </ClInclude>
    <ClInclude Include="inc\SFML\System\FileInputStream.hpp">
      <Filter>Header Files</Filter>
    </ClInclude>
    <ClInclude Include="inc\SFML\System\InputStream.hpp">
      <Filter>Header Files</Filter>
    </ClInclude>
    <ClInclude Include="inc\SFML\System\Lock.hpp">
      <Filter>Header Files</Filter>
    </ClInclude>
    <ClInclude Include="inc\SFML\System\MemoryInputStream.hpp">
      <Filter>Header Files</Filter>
    </ClInclude>
    <ClInclude Include="inc\SFML\System\Mutex.hpp">
      <Filter>Header Files</Filter>
    </ClInclude>
    <ClInclude Include="inc\SFML\System\NativeActivity.hpp">
      <Filter>Header Files</Filter>
    </ClInclude>
    <ClInclude Include="inc\SFML\System\NonCopyable.hpp">
      <Filter>Header Files</Filter>
    </ClInclude>
    <ClInclude Include="inc\SFML\System\Sleep.hpp">
      <Filter>Header Files</Filter>
    </ClInclude>
    <ClInclude Include="inc\SFML\System\String.hpp">
      <Filter>Header Files</Filter>
    </ClInclude>
    <ClInclude Include="inc\SFML\System\Thread.hpp">
      <Filter>Header Files</Filter>
    </ClInclude>
    <ClInclude Include="inc\SFML\System\ThreadLocal.hpp">
      <Filter>Header Files</Filter>
    </ClInclude>
    <ClInclude Include="inc\SFML\System\ThreadLocalPtr.hpp">
      <Filter>Header Files</Filter>
    </ClInclude>
    <ClInclude Include="inc\SFML\System\Time.hpp">
      <Filter>Header Files</Filter>
    </ClInclude>
    <ClInclude Include="inc\SFML\System\Utf.hpp">
      <Filter>Header Files</Filter>
    </ClInclude>
    <ClInclude Include="inc\SFML\System\Vector2.hpp">
      <Filter>Header Files</Filter>
    </ClInclude>
    <ClInclude Include="inc\SFML\System\Vector3.hpp">
      <Filter>Header Files</Filter>
    </ClInclude>
    <ClInclude Include="inc\SFML\Window\Clipboard.hpp">
      <Filter>Header Files</Filter>
    </ClInclude>
    <ClInclude Include="inc\SFML\Window\Context.hpp">
      <Filter>Header Files</Filter>
    </ClInclude>
    <ClInclude Include="inc\SFML\Window\ContextSettings.hpp">
      <Filter>Header Files</Filter>
    </ClInclude>
    <ClInclude Include="inc\SFML\Window\Cursor.hpp">
      <Filter>Header Files</Filter>
    </ClInclude>
    <ClInclude Include="inc\SFML\Window\Event.hpp">
      <Filter>Header Files</Filter>
    </ClInclude>
    <ClInclude Include="inc\SFML\Window\Export.hpp">
      <Filter>Header Files</Filter>
    </ClInclude>
    <ClInclude Include="inc\SFML\Window\GlResource.hpp">
      <Filter>Header Files</Filter>
    </ClInclude>
    <ClInclude Include="inc\SFML\Window\Joystick.hpp">
      <Filter>Header Files</Filter>
    </ClInclude>
    <ClInclude Include="inc\SFML\Window\Keyboard.hpp">
      <Filter>Header Files</Filter>
    </ClInclude>
    <ClInclude Include="inc\SFML\Window\Mouse.hpp">
      <Filter>Header Files</Filter>
    </ClInclude>
    <ClInclude Include="inc\SFML\Window\Sensor.hpp">
      <Filter>Header Files</Filter>
    </ClInclude>
    <ClInclude Include="inc\SFML\Window\Touch.hpp">
      <Filter>Header Files</Filter>
    </ClInclude>
    <ClInclude Include="inc\SFML\Window\VideoMode.hpp">
      <Filter>Header Files</Filter>
    </ClInclude>
    <ClInclude Include="inc\SFML\Window\Window.hpp">
      <Filter>Header Files</Filter>
    </ClInclude>
    <ClInclude Include="inc\SFML\Window\WindowHandle.hpp">
      <Filter>Header Files</Filter>
    </ClInclude>
    <ClInclude Include="inc\SFML\Window\WindowStyle.hpp">
      <Filter>Header Files</Filter>
    </ClInclude>
    <ClInclude Include="inc\SFML\Audio.hpp">
      <Filter>Header Files</Filter>
    </ClInclude>
    <ClInclude Include="inc\SFML\Config.hpp">
      <Filter>Header Files</Filter>
    </ClInclude>
    <ClInclude Include="inc\SFML\GpuPreference.hpp">
      <Filter>Header Files</Filter>
    </ClInclude>
    <ClInclude Include="inc\SFML\Graphics.hpp">
      <Filter>Header Files</Filter>
    </ClInclude>
    <ClInclude Include="inc\SFML\Main.hpp">
      <Filter>Header Files</Filter>
    </ClInclude>
    <ClInclude Include="inc\SFML\Network.hpp">
      <Filter>Header Files</Filter>
    </ClInclude>
    <ClInclude Include="inc\SFML\OpenGL.hpp">
      <Filter>Header Files</Filter>
    </ClInclude>
    <ClInclude Include="inc\SFML\System.hpp">
      <Filter>Header Files</Filter>
    </ClInclude>
    <ClInclude Include="inc\SFML\Window.hpp">
      <Filter>Header Files</Filter>
    </ClInclude>
    <ClInclude Include="inc\TGUI\Aurora\Dispatch\DispatchTraits.hpp">
      <Filter>Header Files</Filter>
    </ClInclude>
    <ClInclude Include="inc\TGUI\Aurora\Dispatch\DoubleDispatcher.hpp">
      <Filter>Header Files</Filter>
    </ClInclude>
    <ClInclude Include="inc\TGUI\Aurora\Dispatch\SingleDispatcher.hpp">
      <Filter>Header Files</Filter>
    </ClInclude>
    <ClInclude Include="inc\TGUI\Aurora\Meta\Preprocessor.hpp">
      <Filter>Header Files</Filter>
    </ClInclude>
    <ClInclude Include="inc\TGUI\Aurora\Meta\Templates.hpp">
      <Filter>Header Files</Filter>
    </ClInclude>
    <ClInclude Include="inc\TGUI\Aurora\Meta\Tuple.hpp">
      <Filter>Header Files</Filter>
    </ClInclude>
    <ClInclude Include="inc\TGUI\Aurora\Meta\Variadic.hpp">
      <Filter>Header Files</Filter>
    </ClInclude>
    <ClInclude Include="inc\TGUI\Aurora\SmartPtr\Detail\Factories.hpp">
      <Filter>Header Files</Filter>
    </ClInclude>
    <ClInclude Include="inc\TGUI\Aurora\SmartPtr\Detail\PtrOwner.hpp">
      <Filter>Header Files</Filter>
    </ClInclude>
    <ClInclude Include="inc\TGUI\Aurora\SmartPtr\ClonersAndDeleters.hpp">
      <Filter>Header Files</Filter>
    </ClInclude>
    <ClInclude Include="inc\TGUI\Aurora\SmartPtr\CopiedPtr.hpp">
      <Filter>Header Files</Filter>
    </ClInclude>
    <ClInclude Include="inc\TGUI\Aurora\SmartPtr\MakeUnique.hpp">
      <Filter>Header Files</Filter>
    </ClInclude>
    <ClInclude Include="inc\TGUI\Aurora\Tools\Algorithms.hpp">
      <Filter>Header Files</Filter>
    </ClInclude>
    <ClInclude Include="inc\TGUI\Aurora\Tools\Any.hpp">
      <Filter>Header Files</Filter>
    </ClInclude>
    <ClInclude Include="inc\TGUI\Aurora\Tools\Downcast.hpp">
      <Filter>Header Files</Filter>
    </ClInclude>
    <ClInclude Include="inc\TGUI\Aurora\Tools\Exceptions.hpp">
      <Filter>Header Files</Filter>
    </ClInclude>
    <ClInclude Include="inc\TGUI\Aurora\Tools\ForEach.hpp">
      <Filter>Header Files</Filter>
    </ClInclude>
    <ClInclude Include="inc\TGUI\Aurora\Tools\Hash.hpp">
      <Filter>Header Files</Filter>
    </ClInclude>
    <ClInclude Include="inc\TGUI\Aurora\Tools\NamedTuple.hpp">
      <Filter>Header Files</Filter>
    </ClInclude>
    <ClInclude Include="inc\TGUI\Aurora\Tools\NonCopyable.hpp">
      <Filter>Header Files</Filter>
    </ClInclude>
    <ClInclude Include="inc\TGUI\Aurora\Tools\Optional.hpp">
      <Filter>Header Files</Filter>
    </ClInclude>
    <ClInclude Include="inc\TGUI\Aurora\Tools\PImpl.hpp">
      <Filter>Header Files</Filter>
    </ClInclude>
    <ClInclude Include="inc\TGUI\Aurora\Tools\SafeBool.hpp">
      <Filter>Header Files</Filter>
    </ClInclude>
    <ClInclude Include="inc\TGUI\Aurora\Tools\Swap.hpp">
      <Filter>Header Files</Filter>
    </ClInclude>
    <ClInclude Include="inc\TGUI\Aurora\Tools\Typeid.hpp">
      <Filter>Header Files</Filter>
    </ClInclude>
    <ClInclude Include="inc\TGUI\Aurora\Config.hpp">
      <Filter>Header Files</Filter>
    </ClInclude>
    <ClInclude Include="inc\TGUI\Aurora\Dispatch.hpp">
      <Filter>Header Files</Filter>
    </ClInclude>
    <ClInclude Include="inc\TGUI\Aurora\Meta.hpp">
      <Filter>Header Files</Filter>
    </ClInclude>
    <ClInclude Include="inc\TGUI\Aurora\SmartPtr.hpp">
      <Filter>Header Files</Filter>
    </ClInclude>
    <ClInclude Include="inc\TGUI\Aurora\Tools.hpp">
      <Filter>Header Files</Filter>
    </ClInclude>
    <ClInclude Include="inc\TGUI\Loading\DataIO.hpp">
      <Filter>Header Files</Filter>
    </ClInclude>
    <ClInclude Include="inc\TGUI\Loading\Deserializer.hpp">
      <Filter>Header Files</Filter>
    </ClInclude>
    <ClInclude Include="inc\TGUI\Loading\Serializer.hpp">
      <Filter>Header Files</Filter>
    </ClInclude>
    <ClInclude Include="inc\TGUI\Loading\Theme.hpp">
      <Filter>Header Files</Filter>
    </ClInclude>
    <ClInclude Include="inc\TGUI\Loading\ThemeLoader.hpp">
      <Filter>Header Files</Filter>
    </ClInclude>
    <ClInclude Include="inc\TGUI\Loading\WidgetFactory.hpp">
      <Filter>Header Files</Filter>
    </ClInclude>
    <ClInclude Include="inc\TGUI\nanosvg\nanosvg.h">
      <Filter>Header Files</Filter>
    </ClInclude>
    <ClInclude Include="inc\TGUI\nanosvg\nanosvgrast.h">
      <Filter>Header Files</Filter>
    </ClInclude>
    <ClInclude Include="inc\TGUI\Renderers\BoxLayoutRenderer.hpp">
      <Filter>Header Files</Filter>
    </ClInclude>
    <ClInclude Include="inc\TGUI\Renderers\ButtonRenderer.hpp">
      <Filter>Header Files</Filter>
    </ClInclude>
    <ClInclude Include="inc\TGUI\Renderers\ChatBoxRenderer.hpp">
      <Filter>Header Files</Filter>
    </ClInclude>
    <ClInclude Include="inc\TGUI\Renderers\ChildWindowRenderer.hpp">
      <Filter>Header Files</Filter>
    </ClInclude>
    <ClInclude Include="inc\TGUI\Renderers\ComboBoxRenderer.hpp">
      <Filter>Header Files</Filter>
    </ClInclude>
    <ClInclude Include="inc\TGUI\Renderers\EditBoxRenderer.hpp">
      <Filter>Header Files</Filter>
    </ClInclude>
    <ClInclude Include="inc\TGUI\Renderers\GroupRenderer.hpp">
      <Filter>Header Files</Filter>
    </ClInclude>
    <ClInclude Include="inc\TGUI\Renderers\KnobRenderer.hpp">
      <Filter>Header Files</Filter>
    </ClInclude>
    <ClInclude Include="inc\TGUI\Renderers\LabelRenderer.hpp">
      <Filter>Header Files</Filter>
    </ClInclude>
    <ClInclude Include="inc\TGUI\Renderers\ListBoxRenderer.hpp">
      <Filter>Header Files</Filter>
    </ClInclude>
    <ClInclude Include="inc\TGUI\Renderers\ListViewRenderer.hpp">
      <Filter>Header Files</Filter>
    </ClInclude>
    <ClInclude Include="inc\TGUI\Renderers\MenuBarRenderer.hpp">
      <Filter>Header Files</Filter>
    </ClInclude>
    <ClInclude Include="inc\TGUI\Renderers\MessageBoxRenderer.hpp">
      <Filter>Header Files</Filter>
    </ClInclude>
    <ClInclude Include="inc\TGUI\Renderers\PanelRenderer.hpp">
      <Filter>Header Files</Filter>
    </ClInclude>
    <ClInclude Include="inc\TGUI\Renderers\PictureRenderer.hpp">
      <Filter>Header Files</Filter>
    </ClInclude>
    <ClInclude Include="inc\TGUI\Renderers\ProgressBarRenderer.hpp">
      <Filter>Header Files</Filter>
    </ClInclude>
    <ClInclude Include="inc\TGUI\Renderers\RadioButtonRenderer.hpp">
      <Filter>Header Files</Filter>
    </ClInclude>
    <ClInclude Include="inc\TGUI\Renderers\RangeSliderRenderer.hpp">
      <Filter>Header Files</Filter>
    </ClInclude>
    <ClInclude Include="inc\TGUI\Renderers\ScrollablePanelRenderer.hpp">
      <Filter>Header Files</Filter>
    </ClInclude>
    <ClInclude Include="inc\TGUI\Renderers\ScrollbarRenderer.hpp">
      <Filter>Header Files</Filter>
    </ClInclude>
    <ClInclude Include="inc\TGUI\Renderers\SliderRenderer.hpp">
      <Filter>Header Files</Filter>
    </ClInclude>
    <ClInclude Include="inc\TGUI\Renderers\SpinButtonRenderer.hpp">
      <Filter>Header Files</Filter>
    </ClInclude>
    <ClInclude Include="inc\TGUI\Renderers\TabsRenderer.hpp">
      <Filter>Header Files</Filter>
    </ClInclude>
    <ClInclude Include="inc\TGUI\Renderers\TextBoxRenderer.hpp">
      <Filter>Header Files</Filter>
    </ClInclude>
    <ClInclude Include="inc\TGUI\Renderers\TreeViewRenderer.hpp">
      <Filter>Header Files</Filter>
    </ClInclude>
    <ClInclude Include="inc\TGUI\Renderers\WidgetRenderer.hpp">
      <Filter>Header Files</Filter>
    </ClInclude>
    <ClInclude Include="inc\TGUI\Widgets\BitmapButton.hpp">
      <Filter>Header Files</Filter>
    </ClInclude>
    <ClInclude Include="inc\TGUI\Widgets\BoxLayout.hpp">
      <Filter>Header Files</Filter>
    </ClInclude>
    <ClInclude Include="inc\TGUI\Widgets\BoxLayoutRatios.hpp">
      <Filter>Header Files</Filter>
    </ClInclude>
    <ClInclude Include="inc\TGUI\Widgets\Button.hpp">
      <Filter>Header Files</Filter>
    </ClInclude>
    <ClInclude Include="inc\TGUI\Widgets\Canvas.hpp">
      <Filter>Header Files</Filter>
    </ClInclude>
    <ClInclude Include="inc\TGUI\Widgets\ChatBox.hpp">
      <Filter>Header Files</Filter>
    </ClInclude>
    <ClInclude Include="inc\TGUI\Widgets\CheckBox.hpp">
      <Filter>Header Files</Filter>
    </ClInclude>
    <ClInclude Include="inc\TGUI\Widgets\ChildWindow.hpp">
      <Filter>Header Files</Filter>
    </ClInclude>
    <ClInclude Include="inc\TGUI\Widgets\ClickableWidget.hpp">
      <Filter>Header Files</Filter>
    </ClInclude>
    <ClInclude Include="inc\TGUI\Widgets\ComboBox.hpp">
      <Filter>Header Files</Filter>
    </ClInclude>
    <ClInclude Include="inc\TGUI\Widgets\EditBox.hpp">
      <Filter>Header Files</Filter>
    </ClInclude>
    <ClInclude Include="inc\TGUI\Widgets\Grid.hpp">
      <Filter>Header Files</Filter>
    </ClInclude>
    <ClInclude Include="inc\TGUI\Widgets\Group.hpp">
      <Filter>Header Files</Filter>
    </ClInclude>
    <ClInclude Include="inc\TGUI\Widgets\HorizontalLayout.hpp">
      <Filter>Header Files</Filter>
    </ClInclude>
    <ClInclude Include="inc\TGUI\Widgets\HorizontalWrap.hpp">
      <Filter>Header Files</Filter>
    </ClInclude>
    <ClInclude Include="inc\TGUI\Widgets\Knob.hpp">
      <Filter>Header Files</Filter>
    </ClInclude>
    <ClInclude Include="inc\TGUI\Widgets\Label.hpp">
      <Filter>Header Files</Filter>
    </ClInclude>
    <ClInclude Include="inc\TGUI\Widgets\ListBox.hpp">
      <Filter>Header Files</Filter>
    </ClInclude>
    <ClInclude Include="inc\TGUI\Widgets\ListView.hpp">
      <Filter>Header Files</Filter>
    </ClInclude>
    <ClInclude Include="inc\TGUI\Widgets\MenuBar.hpp">
      <Filter>Header Files</Filter>
    </ClInclude>
    <ClInclude Include="inc\TGUI\Widgets\MessageBox.hpp">
      <Filter>Header Files</Filter>
    </ClInclude>
    <ClInclude Include="inc\TGUI\Widgets\Panel.hpp">
      <Filter>Header Files</Filter>
    </ClInclude>
    <ClInclude Include="inc\TGUI\Widgets\Picture.hpp">
      <Filter>Header Files</Filter>
    </ClInclude>
    <ClInclude Include="inc\TGUI\Widgets\ProgressBar.hpp">
      <Filter>Header Files</Filter>
    </ClInclude>
    <ClInclude Include="inc\TGUI\Widgets\RadioButton.hpp">
      <Filter>Header Files</Filter>
    </ClInclude>
    <ClInclude Include="inc\TGUI\Widgets\RadioButtonGroup.hpp">
      <Filter>Header Files</Filter>
    </ClInclude>
    <ClInclude Include="inc\TGUI\Widgets\RangeSlider.hpp">
      <Filter>Header Files</Filter>
    </ClInclude>
    <ClInclude Include="inc\TGUI\Widgets\ScrollablePanel.hpp">
      <Filter>Header Files</Filter>
    </ClInclude>
    <ClInclude Include="inc\TGUI\Widgets\Scrollbar.hpp">
      <Filter>Header Files</Filter>
    </ClInclude>
    <ClInclude Include="inc\TGUI\Widgets\Slider.hpp">
      <Filter>Header Files</Filter>
    </ClInclude>
    <ClInclude Include="inc\TGUI\Widgets\SpinButton.hpp">
      <Filter>Header Files</Filter>
    </ClInclude>
    <ClInclude Include="inc\TGUI\Widgets\Tabs.hpp">
      <Filter>Header Files</Filter>
    </ClInclude>
    <ClInclude Include="inc\TGUI\Widgets\TextBox.hpp">
      <Filter>Header Files</Filter>
    </ClInclude>
    <ClInclude Include="inc\TGUI\Widgets\TreeView.hpp">
      <Filter>Header Files</Filter>
    </ClInclude>
    <ClInclude Include="inc\TGUI\Widgets\VerticalLayout.hpp">
      <Filter>Header Files</Filter>
    </ClInclude>
    <ClInclude Include="inc\TGUI\AbsoluteOrRelativeValue.hpp">
      <Filter>Header Files</Filter>
    </ClInclude>
    <ClInclude Include="inc\TGUI\Animation.hpp">
      <Filter>Header Files</Filter>
    </ClInclude>
    <ClInclude Include="inc\TGUI\Any.hpp">
      <Filter>Header Files</Filter>
    </ClInclude>
    <ClInclude Include="inc\TGUI\Clipboard.hpp">
      <Filter>Header Files</Filter>
    </ClInclude>
    <ClInclude Include="inc\TGUI\Clipping.hpp">
      <Filter>Header Files</Filter>
    </ClInclude>
    <ClInclude Include="inc\TGUI\Color.hpp">
      <Filter>Header Files</Filter>
    </ClInclude>
    <ClInclude Include="inc\TGUI\Config.hpp">
      <Filter>Header Files</Filter>
    </ClInclude>
    <ClInclude Include="inc\TGUI\Container.hpp">
      <Filter>Header Files</Filter>
    </ClInclude>
    <ClInclude Include="inc\TGUI\CopiedSharedPtr.hpp">
      <Filter>Header Files</Filter>
    </ClInclude>
    <ClInclude Include="inc\TGUI\CustomWidgetForBindings.hpp">
      <Filter>Header Files</Filter>
    </ClInclude>
    <ClInclude Include="inc\TGUI\DefaultFont.hpp">
      <Filter>Header Files</Filter>
    </ClInclude>
    <ClInclude Include="inc\TGUI\Exception.hpp">
      <Filter>Header Files</Filter>
    </ClInclude>
    <ClInclude Include="inc\TGUI\FloatRect.hpp">
      <Filter>Header Files</Filter>
    </ClInclude>
    <ClInclude Include="inc\TGUI\Font.hpp">
      <Filter>Header Files</Filter>
    </ClInclude>
    <ClInclude Include="inc\TGUI\Global.hpp">
      <Filter>Header Files</Filter>
    </ClInclude>
    <ClInclude Include="inc\TGUI\Gui.hpp">
      <Filter>Header Files</Filter>
    </ClInclude>
    <ClInclude Include="inc\TGUI\Layout.hpp">
      <Filter>Header Files</Filter>
    </ClInclude>
    <ClInclude Include="inc\TGUI\ObjectConverter.hpp">
      <Filter>Header Files</Filter>
    </ClInclude>
    <ClInclude Include="inc\TGUI\Outline.hpp">
      <Filter>Header Files</Filter>
    </ClInclude>
    <ClInclude Include="inc\TGUI\RendererDefines.hpp">
      <Filter>Header Files</Filter>
    </ClInclude>
    <ClInclude Include="inc\TGUI\Signal.hpp">
      <Filter>Header Files</Filter>
    </ClInclude>
    <ClInclude Include="inc\TGUI\SignalImpl.hpp">
      <Filter>Header Files</Filter>
    </ClInclude>
    <ClInclude Include="inc\TGUI\Sprite.hpp">
      <Filter>Header Files</Filter>
    </ClInclude>
    <ClInclude Include="inc\TGUI\SvgImage.hpp">
      <Filter>Header Files</Filter>
    </ClInclude>
    <ClInclude Include="inc\TGUI\Text.hpp">
      <Filter>Header Files</Filter>
    </ClInclude>
    <ClInclude Include="inc\TGUI\TextStyle.hpp">
      <Filter>Header Files</Filter>
    </ClInclude>
    <ClInclude Include="inc\TGUI\Texture.hpp">
      <Filter>Header Files</Filter>
    </ClInclude>
    <ClInclude Include="inc\TGUI\TextureData.hpp">
      <Filter>Header Files</Filter>
    </ClInclude>
    <ClInclude Include="inc\TGUI\TextureManager.hpp">
      <Filter>Header Files</Filter>
    </ClInclude>
    <ClInclude Include="inc\TGUI\TGUI.hpp">
      <Filter>Header Files</Filter>
    </ClInclude>
    <ClInclude Include="inc\TGUI\to_string.hpp">
      <Filter>Header Files</Filter>
    </ClInclude>
    <ClInclude Include="inc\TGUI\ToolTip.hpp">
      <Filter>Header Files</Filter>
    </ClInclude>
    <ClInclude Include="inc\TGUI\Vector2f.hpp">
      <Filter>Header Files</Filter>
    </ClInclude>
    <ClInclude Include="inc\TGUI\Widget.hpp">
      <Filter>Header Files</Filter>
    </ClInclude>
    <ClInclude Include="inc\Mouse.h">
      <Filter>Header Files</Filter>
    </ClInclude>
    <ClInclude Include="inc\Networking.h">
      <Filter>Header Files</Filter>
    </ClInclude>
  </ItemGroup>
  <ItemGroup>
    <None Include="inc\SFML\Audio\SoundFileFactory.inl">
      <Filter>Header Files</Filter>
    </None>
    <None Include="inc\SFML\Graphics\Glsl.inl">
      <Filter>Header Files</Filter>
    </None>
    <None Include="inc\SFML\Graphics\Rect.inl">
      <Filter>Header Files</Filter>
    </None>
    <None Include="inc\SFML\System\String.inl">
      <Filter>Header Files</Filter>
    </None>
    <None Include="inc\SFML\System\Thread.inl">
      <Filter>Header Files</Filter>
    </None>
    <None Include="inc\SFML\System\ThreadLocalPtr.inl">
      <Filter>Header Files</Filter>
    </None>
    <None Include="inc\SFML\System\Utf.inl">
      <Filter>Header Files</Filter>
    </None>
    <None Include="inc\SFML\System\Vector2.inl">
      <Filter>Header Files</Filter>
    </None>
    <None Include="inc\SFML\System\Vector3.inl">
      <Filter>Header Files</Filter>
    </None>
    <None Include="inc\TGUI\Aurora\Dispatch\Detail\DoubleDispatcher.inl">
      <Filter>Header Files</Filter>
    </None>
    <None Include="inc\TGUI\Aurora\Dispatch\Detail\SingleDispatcher.inl">
      <Filter>Header Files</Filter>
    </None>
  </ItemGroup>
</Project>